
Microsoft Visual Studio Solution File, Format Version 12.00
# Visual Studio 15
Project("{FAE04EC0-301F-11D3-BF4B-00C04F79EFBC}") = "ARExample.Android", "ARExample.Android\ARExample.Android.csproj", "{F981FACF-E940-4AF5-B9FD-967195C744C3}"
EndProject
Project("{FAE04EC0-301F-11D3-BF4B-00C04F79EFBC}") = "ARExample.iOS", "ARExample.iOS\ARExample.iOS.csproj", "{CE4A7C97-5CF1-417A-B3FC-7CC5EBB28D39}"
EndProject
Project("{FAE04EC0-301F-11D3-BF4B-00C04F79EFBC}") = "ARExample", "ARExample\ARExample.csproj", "{B5BCCAF7-9941-469F-898B-00FA3D354963}"
EndProject
Global
	GlobalSection(SolutionConfigurationPlatforms) = preSolution
		Debug|Any CPU = Debug|Any CPU
		Release|Any CPU = Release|Any CPU
		Debug|iPhoneSimulator = Debug|iPhoneSimulator
		Release|iPhoneSimulator = Release|iPhoneSimulator
		Debug|iPhone = Debug|iPhone
		Release|iPhone = Release|iPhone
	EndGlobalSection
	GlobalSection(ProjectConfigurationPlatforms) = postSolution
		{F981FACF-E940-4AF5-B9FD-967195C744C3}.Debug|Any CPU.ActiveCfg = Debug|Any CPU
		{F981FACF-E940-4AF5-B9FD-967195C744C3}.Debug|Any CPU.Build.0 = Debug|Any CPU
		{F981FACF-E940-4AF5-B9FD-967195C744C3}.Release|Any CPU.ActiveCfg = Release|Any CPU
		{F981FACF-E940-4AF5-B9FD-967195C744C3}.Release|Any CPU.Build.0 = Release|Any CPU
		{F981FACF-E940-4AF5-B9FD-967195C744C3}.Debug|iPhoneSimulator.ActiveCfg = Debug|Any CPU
		{F981FACF-E940-4AF5-B9FD-967195C744C3}.Debug|iPhoneSimulator.Build.0 = Debug|Any CPU
		{F981FACF-E940-4AF5-B9FD-967195C744C3}.Release|iPhoneSimulator.ActiveCfg = Release|Any CPU
		{F981FACF-E940-4AF5-B9FD-967195C744C3}.Release|iPhoneSimulator.Build.0 = Release|Any CPU
		{F981FACF-E940-4AF5-B9FD-967195C744C3}.Debug|iPhone.ActiveCfg = Debug|Any CPU
		{F981FACF-E940-4AF5-B9FD-967195C744C3}.Debug|iPhone.Build.0 = Debug|Any CPU
		{F981FACF-E940-4AF5-B9FD-967195C744C3}.Release|iPhone.ActiveCfg = Release|Any CPU
		{F981FACF-E940-4AF5-B9FD-967195C744C3}.Release|iPhone.Build.0 = Release|Any CPU
		{CE4A7C97-5CF1-417A-B3FC-7CC5EBB28D39}.Debug|Any CPU.ActiveCfg = Debug|iPhoneSimulator
		{CE4A7C97-5CF1-417A-B3FC-7CC5EBB28D39}.Debug|Any CPU.Build.0 = Debug|iPhoneSimulator
		{CE4A7C97-5CF1-417A-B3FC-7CC5EBB28D39}.Release|Any CPU.ActiveCfg = Release|iPhoneSimulator
		{CE4A7C97-5CF1-417A-B3FC-7CC5EBB28D39}.Release|Any CPU.Build.0 = Release|iPhoneSimulator
		{CE4A7C97-5CF1-417A-B3FC-7CC5EBB28D39}.Debug|iPhoneSimulator.ActiveCfg = Debug|iPhoneSimulator
		{CE4A7C97-5CF1-417A-B3FC-7CC5EBB28D39}.Debug|iPhoneSimulator.Build.0 = Debug|iPhoneSimulator
		{CE4A7C97-5CF1-417A-B3FC-7CC5EBB28D39}.Release|iPhoneSimulator.ActiveCfg = Release|iPhoneSimulator
		{CE4A7C97-5CF1-417A-B3FC-7CC5EBB28D39}.Release|iPhoneSimulator.Build.0 = Release|iPhoneSimulator
		{CE4A7C97-5CF1-417A-B3FC-7CC5EBB28D39}.Debug|iPhone.ActiveCfg = Debug|iPhone
		{CE4A7C97-5CF1-417A-B3FC-7CC5EBB28D39}.Debug|iPhone.Build.0 = Debug|iPhone
		{CE4A7C97-5CF1-417A-B3FC-7CC5EBB28D39}.Release|iPhone.ActiveCfg = Release|iPhone
		{CE4A7C97-5CF1-417A-B3FC-7CC5EBB28D39}.Release|iPhone.Build.0 = Release|iPhone
		{B5BCCAF7-9941-469F-898B-00FA3D354963}.Debug|Any CPU.ActiveCfg = Debug|Any CPU
		{B5BCCAF7-9941-469F-898B-00FA3D354963}.Debug|Any CPU.Build.0 = Debug|Any CPU
		{B5BCCAF7-9941-469F-898B-00FA3D354963}.Release|Any CPU.ActiveCfg = Release|Any CPU
		{B5BCCAF7-9941-469F-898B-00FA3D354963}.Release|Any CPU.Build.0 = Release|Any CPU
		{B5BCCAF7-9941-469F-898B-00FA3D354963}.Debug|iPhoneSimulator.ActiveCfg = Debug|Any CPU
		{B5BCCAF7-9941-469F-898B-00FA3D354963}.Debug|iPhoneSimulator.Build.0 = Debug|Any CPU
		{B5BCCAF7-9941-469F-898B-00FA3D354963}.Release|iPhoneSimulator.ActiveCfg = Release|Any CPU
		{B5BCCAF7-9941-469F-898B-00FA3D354963}.Release|iPhoneSimulator.Build.0 = Release|Any CPU
		{B5BCCAF7-9941-469F-898B-00FA3D354963}.Debug|iPhone.ActiveCfg = Debug|Any CPU
		{B5BCCAF7-9941-469F-898B-00FA3D354963}.Debug|iPhone.Build.0 = Debug|Any CPU
		{B5BCCAF7-9941-469F-898B-00FA3D354963}.Release|iPhone.ActiveCfg = Release|Any CPU
		{B5BCCAF7-9941-469F-898B-00FA3D354963}.Release|iPhone.Build.0 = Release|Any CPU
	EndGlobalSection
EndGlobal
